
Microsoft Visual Studio Solution File, Format Version 11.00
# Visual Studio 2010
Project("{8BC9CEB8-8B4A-11D0-8D11-00A0C91BC942}") = "Trial", "Trial\Trial.vcxproj", "{ACBBCCE8-0A8E-4F82-8014-BC9C25B6A5DD}"
EndProject
Global
	GlobalSection(SolutionConfigurationPlatforms) = preSolution
		Debug|Win32 = Debug|Win32
		Release|Win32 = Release|Win32
	EndGlobalSection
	GlobalSection(ProjectConfigurationPlatforms) = postSolution
		{ACBBCCE8-0A8E-4F82-8014-BC9C25B6A5DD}.Debug|Win32.ActiveCfg = Debug|Win32
		{ACBBCCE8-0A8E-4F82-8014-BC9C25B6A5DD}.Debug|Win32.Build.0 = Debug|Win32
		{ACBBCCE8-0A8E-4F82-8014-BC9C25B6A5DD}.Release|Win32.ActiveCfg = Release|Win32
		{ACBBCCE8-0A8E-4F82-8014-BC9C25B6A5DD}.Release|Win32.Build.0 = Release|Win32
	EndGlobalSection
	GlobalSection(SolutionProperties) = preSolution
		HideSolutionNode = FALSE
	EndGlobalSection
EndGlobal
